
Microsoft Visual Studio Solution File, Format Version 12.00
# Visual Studio Version 16
VisualStudioVersion = 16.0.31911.196
MinimumVisualStudioVersion = 10.0.40219.1
Project("{FAE04EC0-301F-11D3-BF4B-00C04F79EFBC}") = "FiorelloBackDb", "FiorelloBackDb\FiorelloBackDb.csproj", "{AF68F2A1-6AC4-43EA-9888-4358509990C7}"
EndProject
Global
	GlobalSection(SolutionConfigurationPlatforms) = preSolution
		Debug|Any CPU = Debug|Any CPU
		Release|Any CPU = Release|Any CPU
	EndGlobalSection
	GlobalSection(ProjectConfigurationPlatforms) = postSolution
		{AF68F2A1-6AC4-43EA-9888-4358509990C7}.Debug|Any CPU.ActiveCfg = Debug|Any CPU
		{AF68F2A1-6AC4-43EA-9888-4358509990C7}.Debug|Any CPU.Build.0 = Debug|Any CPU
		{AF68F2A1-6AC4-43EA-9888-4358509990C7}.Release|Any CPU.ActiveCfg = Release|Any CPU
		{AF68F2A1-6AC4-43EA-9888-4358509990C7}.Release|Any CPU.Build.0 = Release|Any CPU
	EndGlobalSection
	GlobalSection(SolutionProperties) = preSolution
		HideSolutionNode = FALSE
	EndGlobalSection
	GlobalSection(ExtensibilityGlobals) = postSolution
		SolutionGuid = {588FD32B-8113-4967-AEF1-6EDAB81C41D7}
	EndGlobalSection
EndGlobal
